
Microsoft Visual Studio Solution File, Format Version 12.00
# Visual Studio Version 17
VisualStudioVersion = 17.10.35201.131
MinimumVisualStudioVersion = 10.0.40219.1
Project("{FAE04EC0-301F-11D3-BF4B-00C04F79EFBC}") = "UdpCastServiceTemp", "UdpCastServiceTemp\UdpCastServiceTemp.csproj", "{5609EDB1-7DD7-4E73-A1F8-8F1A0A7FEBEE}"
EndProject
Global
	GlobalSection(SolutionConfigurationPlatforms) = preSolution
		Debug|Any CPU = Debug|Any CPU
		Release|Any CPU = Release|Any CPU
	EndGlobalSection
	GlobalSection(ProjectConfigurationPlatforms) = postSolution
		{5609EDB1-7DD7-4E73-A1F8-8F1A0A7FEBEE}.Debug|Any CPU.ActiveCfg = Debug|Any CPU
		{5609EDB1-7DD7-4E73-A1F8-8F1A0A7FEBEE}.Debug|Any CPU.Build.0 = Debug|Any CPU
		{5609EDB1-7DD7-4E73-A1F8-8F1A0A7FEBEE}.Release|Any CPU.ActiveCfg = Release|Any CPU
		{5609EDB1-7DD7-4E73-A1F8-8F1A0A7FEBEE}.Release|Any CPU.Build.0 = Release|Any CPU
	EndGlobalSection
	GlobalSection(SolutionProperties) = preSolution
		HideSolutionNode = FALSE
	EndGlobalSection
	GlobalSection(ExtensibilityGlobals) = postSolution
		SolutionGuid = {41E202C1-E647-41EE-9E7C-F1F31E5EC9AE}
	EndGlobalSection
EndGlobal
